// !$*UTF8*$!
{
	archiveVersion = 1;
	classes = {
	};
	objectVersion = 50;
	objects = {

/* Begin PBXBuildFile section */
		773968AC23F702620091A4F5 /* Launch Screen.storyboard in Resources */ = {isa = PBXBuildFile; fileRef = 773968AB23F702620091A4F5 /* Launch Screen.storyboard */; };
		774E1D3E23F7D21E007A1CFE /* CartoonHouse.mtl in Resources */ = {isa = PBXBuildFile; fileRef = 774E1D3C23F7D21E007A1CFE /* CartoonHouse.mtl */; };
		774E1D3F23F7D21E007A1CFE /* CartoonHouse.obj in Resources */ = {isa = PBXBuildFile; fileRef = 774E1D3D23F7D21E007A1CFE /* CartoonHouse.obj */; };
		77D464BA23F6F07E00A600FD /* .fuse_hidden0000008200000011 in Resources */ = {isa = PBXBuildFile; fileRef = 77D464A223F6F07E00A600FD /* .fuse_hidden0000008200000011 */; };
		77D464BB23F6F07E00A600FD /* .fuse_hidden000002fa0000003e in Resources */ = {isa = PBXBuildFile; fileRef = 77D464A323F6F07E00A600FD /* .fuse_hidden000002fa0000003e */; };
		77D464BC23F6F07E00A600FD /* AlertService.swift in Sources */ = {isa = PBXBuildFile; fileRef = 77D464A423F6F07E00A600FD /* AlertService.swift */; };
		77D464BD23F6F07E00A600FD /* AlertStoryBoard.storyboard in Resources */ = {isa = PBXBuildFile; fileRef = 77D464A523F6F07E00A600FD /* AlertStoryBoard.storyboard */; };
		77D464BE23F6F07E00A600FD /* AlertViewController.swift in Sources */ = {isa = PBXBuildFile; fileRef = 77D464A623F6F07E00A600FD /* AlertViewController.swift */; };
		77D464BF23F6F07E00A600FD /* AppDelegate.swift in Sources */ = {isa = PBXBuildFile; fileRef = 77D464A723F6F07E00A600FD /* AppDelegate.swift */; };
		77D464C023F6F07E00A600FD /* Assets.xcassets in Resources */ = {isa = PBXBuildFile; fileRef = 77D464A823F6F07E00A600FD /* Assets.xcassets */; };
		77D464C223F6F07E00A600FD /* Main.storyboard in Resources */ = {isa = PBXBuildFile; fileRef = 77D464AB23F6F07E00A600FD /* Main.storyboard */; };
		77D464C323F6F07E00A600FD /* Callendar.storyboard in Resources */ = {isa = PBXBuildFile; fileRef = 77D464AD23F6F07E00A600FD /* Callendar.storyboard */; };
		77D464C423F6F07E00A600FD /* CalViewController.swift in Sources */ = {isa = PBXBuildFile; fileRef = 77D464AE23F6F07E00A600FD /* CalViewController.swift */; };
		77D464C623F6F07E00A600FD /* Memor.storyboard in Resources */ = {isa = PBXBuildFile; fileRef = 77D464B023F6F07E00A600FD /* Memor.storyboard */; };
		77D464C723F6F07E00A600FD /* MemorViewController.swift in Sources */ = {isa = PBXBuildFile; fileRef = 77D464B123F6F07E00A600FD /* MemorViewController.swift */; };
		77D464C823F6F07E00A600FD /* NNYT.storyboard in Resources */ = {isa = PBXBuildFile; fileRef = 77D464B223F6F07E00A600FD /* NNYT.storyboard */; };
		77D464C923F6F07E00A600FD /* NNYTViewController.swift in Sources */ = {isa = PBXBuildFile; fileRef = 77D464B323F6F07E00A600FD /* NNYTViewController.swift */; };
		77D464CA23F6F07E00A600FD /* Request.storyboard in Resources */ = {isa = PBXBuildFile; fileRef = 77D464B423F6F07E00A600FD /* Request.storyboard */; };
		77D464CB23F6F07E00A600FD /* RequestViewController.swift in Sources */ = {isa = PBXBuildFile; fileRef = 77D464B523F6F07E00A600FD /* RequestViewController.swift */; };
		77D464CC23F6F07E00A600FD /* SceneDelegate.swift in Sources */ = {isa = PBXBuildFile; fileRef = 77D464B623F6F07E00A600FD /* SceneDelegate.swift */; };
		77D464CD23F6F07E00A600FD /* Study.storyboard in Resources */ = {isa = PBXBuildFile; fileRef = 77D464B723F6F07E00A600FD /* Study.storyboard */; };
		77D464CE23F6F07E00A600FD /* StudyViewController.swift in Sources */ = {isa = PBXBuildFile; fileRef = 77D464B823F6F07E00A600FD /* StudyViewController.swift */; };
		77D464CF23F6F07E00A600FD /* ViewController.swift in Sources */ = {isa = PBXBuildFile; fileRef = 77D464B923F6F07E00A600FD /* ViewController.swift */; };
/* End PBXBuildFile section */

/* Begin PBXContainerItemProxy section */
		77545DB7239D5E0F00466FC1 /* PBXContainerItemProxy */ = {
			isa = PBXContainerItemProxy;
			containerPortal = 77545D98239D5E0E00466FC1 /* Project object */;
			proxyType = 1;
			remoteGlobalIDString = 77545D9F239D5E0E00466FC1;
			remoteInfo = TuAnhApp;
		};
		77545DC2239D5E0F00466FC1 /* PBXContainerItemProxy */ = {
			isa = PBXContainerItemProxy;
			containerPortal = 77545D98239D5E0E00466FC1 /* Project object */;
			proxyType = 1;
			remoteGlobalIDString = 77545D9F239D5E0E00466FC1;
			remoteInfo = TuAnhApp;
		};
/* End PBXContainerItemProxy section */

/* Begin PBXFileReference section */
		773968AB23F702620091A4F5 /* Launch Screen.storyboard */ = {isa = PBXFileReference; lastKnownFileType = file.storyboard; path = "Launch Screen.storyboard"; sourceTree = "<group>"; };
		774E1D3C23F7D21E007A1CFE /* CartoonHouse.mtl */ = {isa = PBXFileReference; fileEncoding = 4; lastKnownFileType = text; path = CartoonHouse.mtl; sourceTree = "<group>"; };
		774E1D3D23F7D21E007A1CFE /* CartoonHouse.obj */ = {isa = PBXFileReference; fileEncoding = 4; lastKnownFileType = text; path = CartoonHouse.obj; sourceTree = "<group>"; };
		77545DA0239D5E0E00466FC1 /* NHHH1.5.app */ = {isa = PBXFileReference; explicitFileType = wrapper.application; includeInIndex = 0; path = NHHH1.5.app; sourceTree = BUILT_PRODUCTS_DIR; };
		77545DB6239D5E0F00466FC1 /* MyAppTests.xctest */ = {isa = PBXFileReference; explicitFileType = wrapper.cfbundle; includeInIndex = 0; path = MyAppTests.xctest; sourceTree = BUILT_PRODUCTS_DIR; };
		77545DC1239D5E0F00466FC1 /* MyAppUITests.xctest */ = {isa = PBXFileReference; explicitFileType = wrapper.cfbundle; includeInIndex = 0; path = MyAppUITests.xctest; sourceTree = BUILT_PRODUCTS_DIR; };
		77D464A223F6F07E00A600FD /* .fuse_hidden0000008200000011 */ = {isa = PBXFileReference; fileEncoding = 4; lastKnownFileType = text; path = .fuse_hidden0000008200000011; sourceTree = "<group>"; };
		77D464A323F6F07E00A600FD /* .fuse_hidden000002fa0000003e */ = {isa = PBXFileReference; fileEncoding = 4; lastKnownFileType = text.xml; path = .fuse_hidden000002fa0000003e; sourceTree = "<group>"; };
		77D464A423F6F07E00A600FD /* AlertService.swift */ = {isa = PBXFileReference; fileEncoding = 4; lastKnownFileType = sourcecode.swift; path = AlertService.swift; sourceTree = "<group>"; };
		77D464A523F6F07E00A600FD /* AlertStoryBoard.storyboard */ = {isa = PBXFileReference; fileEncoding = 4; lastKnownFileType = file.storyboard; path = AlertStoryBoard.storyboard; sourceTree = "<group>"; };
		77D464A623F6F07E00A600FD /* AlertViewController.swift */ = {isa = PBXFileReference; fileEncoding = 4; lastKnownFileType = sourcecode.swift; path = AlertViewController.swift; sourceTree = "<group>"; };
		77D464A723F6F07E00A600FD /* AppDelegate.swift */ = {isa = PBXFileReference; fileEncoding = 4; lastKnownFileType = sourcecode.swift; path = AppDelegate.swift; sourceTree = "<group>"; };
		77D464A823F6F07E00A600FD /* Assets.xcassets */ = {isa = PBXFileReference; lastKnownFileType = folder.assetcatalog; path = Assets.xcassets; sourceTree = "<group>"; };
		77D464AC23F6F07E00A600FD /* Base */ = {isa = PBXFileReference; lastKnownFileType = file.storyboard; name = Base; path = Base.lproj/Main.storyboard; sourceTree = "<group>"; };
		77D464AD23F6F07E00A600FD /* Callendar.storyboard */ = {isa = PBXFileReference; fileEncoding = 4; lastKnownFileType = file.storyboard; path = Callendar.storyboard; sourceTree = "<group>"; };
		77D464AE23F6F07E00A600FD /* CalViewController.swift */ = {isa = PBXFileReference; fileEncoding = 4; lastKnownFileType = sourcecode.swift; path = CalViewController.swift; sourceTree = "<group>"; };
		77D464AF23F6F07E00A600FD /* Info.plist */ = {isa = PBXFileReference; fileEncoding = 4; lastKnownFileType = text.plist.xml; path = Info.plist; sourceTree = "<group>"; };
		77D464B023F6F07E00A600FD /* Memor.storyboard */ = {isa = PBXFileReference; fileEncoding = 4; lastKnownFileType = file.storyboard; path = Memor.storyboard; sourceTree = "<group>"; };
		77D464B123F6F07E00A600FD /* MemorViewController.swift */ = {isa = PBXFileReference; fileEncoding = 4; lastKnownFileType = sourcecode.swift; path = MemorViewController.swift; sourceTree = "<group>"; };
		77D464B223F6F07E00A600FD /* NNYT.storyboard */ = {isa = PBXFileReference; fileEncoding = 4; lastKnownFileType = file.storyboard; path = NNYT.storyboard; sourceTree = "<group>"; };
		77D464B323F6F07E00A600FD /* NNYTViewController.swift */ = {isa = PBXFileReference; fileEncoding = 4; lastKnownFileType = sourcecode.swift; path = NNYTViewController.swift; sourceTree = "<group>"; };
		77D464B423F6F07E00A600FD /* Request.storyboard */ = {isa = PBXFileReference; fileEncoding = 4; lastKnownFileType = file.storyboard; path = Request.storyboard; sourceTree = "<group>"; };
		77D464B523F6F07E00A600FD /* RequestViewController.swift */ = {isa = PBXFileReference; fileEncoding = 4; lastKnownFileType = sourcecode.swift; path = RequestViewController.swift; sourceTree = "<group>"; };
		77D464B623F6F07E00A600FD /* SceneDelegate.swift */ = {isa = PBXFileReference; fileEncoding = 4; lastKnownFileType = sourcecode.swift; path = SceneDelegate.swift; sourceTree = "<group>"; };
		77D464B723F6F07E00A600FD /* Study.storyboard */ = {isa = PBXFileReference; fileEncoding = 4; lastKnownFileType = file.storyboard; path = Study.storyboard; sourceTree = "<group>"; };
		77D464B823F6F07E00A600FD /* StudyViewController.swift */ = {isa = PBXFileReference; fileEncoding = 4; lastKnownFileType = sourcecode.swift; path = StudyViewController.swift; sourceTree = "<group>"; };
		77D464B923F6F07E00A600FD /* ViewController.swift */ = {isa = PBXFileReference; fileEncoding = 4; lastKnownFileType = sourcecode.swift; path = ViewController.swift; sourceTree = "<group>"; };
/* End PBXFileReference section */

/* Begin PBXFrameworksBuildPhase section */
		77545D9D239D5E0E00466FC1 /* Frameworks */ = {
			isa = PBXFrameworksBuildPhase;
			buildActionMask = 2147483647;
			files = (
			);
			runOnlyForDeploymentPostprocessing = 0;
		};
		77545DB3239D5E0F00466FC1 /* Frameworks */ = {
			isa = PBXFrameworksBuildPhase;
			buildActionMask = 2147483647;
			files = (
			);
			runOnlyForDeploymentPostprocessing = 0;
		};
		77545DBE239D5E0F00466FC1 /* Frameworks */ = {
			isa = PBXFrameworksBuildPhase;
			buildActionMask = 2147483647;
			files = (
			);
			runOnlyForDeploymentPostprocessing = 0;
		};
/* End PBXFrameworksBuildPhase section */

/* Begin PBXGroup section */
		774E1D3B23F7D21E007A1CFE /* CartoonHouse */ = {
			isa = PBXGroup;
			children = (
				774E1D3C23F7D21E007A1CFE /* CartoonHouse.mtl */,
				774E1D3D23F7D21E007A1CFE /* CartoonHouse.obj */,
			);
			path = CartoonHouse;
			sourceTree = "<group>";
		};
		77545D97239D5E0E00466FC1 = {
			isa = PBXGroup;
			children = (
				774E1D3B23F7D21E007A1CFE /* CartoonHouse */,
				77D464A123F6F07D00A600FD /* MyApp */,
				77545DA1239D5E0E00466FC1 /* Products */,
			);
			sourceTree = "<group>";
		};
		77545DA1239D5E0E00466FC1 /* Products */ = {
			isa = PBXGroup;
			children = (
				77545DA0239D5E0E00466FC1 /* NHHH1.5.app */,
				77545DB6239D5E0F00466FC1 /* MyAppTests.xctest */,
				77545DC1239D5E0F00466FC1 /* MyAppUITests.xctest */,
			);
			name = Products;
			sourceTree = "<group>";
		};
		77D464A123F6F07D00A600FD /* MyApp */ = {
			isa = PBXGroup;
			children = (
				77D464A223F6F07E00A600FD /* .fuse_hidden0000008200000011 */,
				77D464A323F6F07E00A600FD /* .fuse_hidden000002fa0000003e */,
				77D464A423F6F07E00A600FD /* AlertService.swift */,
				77D464A523F6F07E00A600FD /* AlertStoryBoard.storyboard */,
				77D464A623F6F07E00A600FD /* AlertViewController.swift */,
				77D464A723F6F07E00A600FD /* AppDelegate.swift */,
				77D464A823F6F07E00A600FD /* Assets.xcassets */,
				77D464AB23F6F07E00A600FD /* Main.storyboard */,
				77D464AD23F6F07E00A600FD /* Callendar.storyboard */,
				77D464AE23F6F07E00A600FD /* CalViewController.swift */,
				77D464AF23F6F07E00A600FD /* Info.plist */,
				77D464B023F6F07E00A600FD /* Memor.storyboard */,
				77D464B123F6F07E00A600FD /* MemorViewController.swift */,
				77D464B223F6F07E00A600FD /* NNYT.storyboard */,
				77D464B323F6F07E00A600FD /* NNYTViewController.swift */,
				77D464B423F6F07E00A600FD /* Request.storyboard */,
				77D464B523F6F07E00A600FD /* RequestViewController.swift */,
				77D464B623F6F07E00A600FD /* SceneDelegate.swift */,
				77D464B723F6F07E00A600FD /* Study.storyboard */,
				77D464B823F6F07E00A600FD /* StudyViewController.swift */,
				77D464B923F6F07E00A600FD /* ViewController.swift */,
				773968AB23F702620091A4F5 /* Launch Screen.storyboard */,
			);
			path = MyApp;
			sourceTree = "<group>";
		};
/* End PBXGroup section */

/* Begin PBXNativeTarget section */
		77545D9F239D5E0E00466FC1 /* MyApp */ = {
			isa = PBXNativeTarget;
			buildConfigurationList = 77545DCA239D5E1000466FC1 /* Build configuration list for PBXNativeTarget "MyApp" */;
			buildPhases = (
				77545D9C239D5E0E00466FC1 /* Sources */,
				77545D9D239D5E0E00466FC1 /* Frameworks */,
				77545D9E239D5E0E00466FC1 /* Resources */,
			);
			buildRules = (
			);
			dependencies = (
			);
			name = MyApp;
			productName = TuAnhApp;
			productReference = 77545DA0239D5E0E00466FC1 /* NHHH1.5.app */;
			productType = "com.apple.product-type.application";
		};
		77545DB5239D5E0F00466FC1 /* MyAppTests */ = {
			isa = PBXNativeTarget;
			buildConfigurationList = 77545DCD239D5E1000466FC1 /* Build configuration list for PBXNativeTarget "MyAppTests" */;
			buildPhases = (
				77545DB2239D5E0F00466FC1 /* Sources */,
				77545DB3239D5E0F00466FC1 /* Frameworks */,
				77545DB4239D5E0F00466FC1 /* Resources */,
			);
			buildRules = (
			);
			dependencies = (
				77545DB8239D5E0F00466FC1 /* PBXTargetDependency */,
			);
			name = MyAppTests;
			productName = TuAnhAppTests;
			productReference = 77545DB6239D5E0F00466FC1 /* MyAppTests.xctest */;
			productType = "com.apple.product-type.bundle.unit-test";
		};
		77545DC0239D5E0F00466FC1 /* MyAppUITests */ = {
			isa = PBXNativeTarget;
			buildConfigurationList = 77545DD0239D5E1000466FC1 /* Build configuration list for PBXNativeTarget "MyAppUITests" */;
			buildPhases = (
				77545DBD239D5E0F00466FC1 /* Sources */,
				77545DBE239D5E0F00466FC1 /* Frameworks */,
				77545DBF239D5E0F00466FC1 /* Resources */,
			);
			buildRules = (
			);
			dependencies = (
				77545DC3239D5E0F00466FC1 /* PBXTargetDependency */,
			);
			name = MyAppUITests;
			productName = TuAnhAppUITests;
			productReference = 77545DC1239D5E0F00466FC1 /* MyAppUITests.xctest */;
			productType = "com.apple.product-type.bundle.ui-testing";
		};
/* End PBXNativeTarget section */

/* Begin PBXProject section */
		77545D98239D5E0E00466FC1 /* Project object */ = {
			isa = PBXProject;
			attributes = {
				LastSwiftUpdateCheck = 1120;
				LastUpgradeCheck = 1120;
				ORGANIZATIONNAME = "Gia Thy";
				TargetAttributes = {
					77545D9F239D5E0E00466FC1 = {
						CreatedOnToolsVersion = 11.2.1;
					};
					77545DB5239D5E0F00466FC1 = {
						CreatedOnToolsVersion = 11.2.1;
						TestTargetID = 77545D9F239D5E0E00466FC1;
					};
					77545DC0239D5E0F00466FC1 = {
						CreatedOnToolsVersion = 11.2.1;
						TestTargetID = 77545D9F239D5E0E00466FC1;
					};
				};
			};
			buildConfigurationList = 77545D9B239D5E0E00466FC1 /* Build configuration list for PBXProject "MyApp" */;
			compatibilityVersion = "Xcode 9.3";
			developmentRegion = en;
			hasScannedForEncodings = 0;
			knownRegions = (
				en,
				Base,
			);
			mainGroup = 77545D97239D5E0E00466FC1;
			productRefGroup = 77545DA1239D5E0E00466FC1 /* Products */;
			projectDirPath = "";
			projectRoot = "";
			targets = (
				77545D9F239D5E0E00466FC1 /* MyApp */,
				77545DB5239D5E0F00466FC1 /* MyAppTests */,
				77545DC0239D5E0F00466FC1 /* MyAppUITests */,
			);
		};
/* End PBXProject section */

/* Begin PBXResourcesBuildPhase section */
		77545D9E239D5E0E00466FC1 /* Resources */ = {
			isa = PBXResourcesBuildPhase;
			buildActionMask = 2147483647;
			files = (
				77D464C323F6F07E00A600FD /* Callendar.storyboard in Resources */,
				77D464BA23F6F07E00A600FD /* .fuse_hidden0000008200000011 in Resources */,
				77D464BD23F6F07E00A600FD /* AlertStoryBoard.storyboard in Resources */,
				77D464CD23F6F07E00A600FD /* Study.storyboard in Resources */,
				77D464C023F6F07E00A600FD /* Assets.xcassets in Resources */,
				774E1D3E23F7D21E007A1CFE /* CartoonHouse.mtl in Resources */,
				77D464CA23F6F07E00A600FD /* Request.storyboard in Resources */,
				773968AC23F702620091A4F5 /* Launch Screen.storyboard in Resources */,
				77D464C823F6F07E00A600FD /* NNYT.storyboard in Resources */,
				77D464C623F6F07E00A600FD /* Memor.storyboard in Resources */,
				77D464C223F6F07E00A600FD /* Main.storyboard in Resources */,
				77D464BB23F6F07E00A600FD /* .fuse_hidden000002fa0000003e in Resources */,
				774E1D3F23F7D21E007A1CFE /* CartoonHouse.obj in Resources */,
			);
			runOnlyForDeploymentPostprocessing = 0;
		};
		77545DB4239D5E0F00466FC1 /* Resources */ = {
			isa = PBXResourcesBuildPhase;
			buildActionMask = 2147483647;
			files = (
			);
			runOnlyForDeploymentPostprocessing = 0;
		};
		77545DBF239D5E0F00466FC1 /* Resources */ = {
			isa = PBXResourcesBuildPhase;
			buildActionMask = 2147483647;
			files = (
			);
			runOnlyForDeploymentPostprocessing = 0;
		};
/* End PBXResourcesBuildPhase section */

/* Begin PBXSourcesBuildPhase section */
		77545D9C239D5E0E00466FC1 /* Sources */ = {
			isa = PBXSourcesBuildPhase;
			buildActionMask = 2147483647;
			files = (
				77D464CF23F6F07E00A600FD /* ViewController.swift in Sources */,
				77D464BF23F6F07E00A600FD /* AppDelegate.swift in Sources */,
				77D464C423F6F07E00A600FD /* CalViewController.swift in Sources */,
				77D464CB23F6F07E00A600FD /* RequestViewController.swift in Sources */,
				77D464BC23F6F07E00A600FD /* AlertService.swift in Sources */,
				77D464CE23F6F07E00A600FD /* StudyViewController.swift in Sources */,
				77D464C923F6F07E00A600FD /* NNYTViewController.swift in Sources */,
				77D464BE23F6F07E00A600FD /* AlertViewController.swift in Sources */,
				77D464C723F6F07E00A600FD /* MemorViewController.swift in Sources */,
				77D464CC23F6F07E00A600FD /* SceneDelegate.swift in Sources */,
			);
			runOnlyForDeploymentPostprocessing = 0;
		};
		77545DB2239D5E0F00466FC1 /* Sources */ = {
			isa = PBXSourcesBuildPhase;
			buildActionMask = 2147483647;
			files = (
			);
			runOnlyForDeploymentPostprocessing = 0;
		};
		77545DBD239D5E0F00466FC1 /* Sources */ = {
			isa = PBXSourcesBuildPhase;
			buildActionMask = 2147483647;
			files = (
			);
			runOnlyForDeploymentPostprocessing = 0;
		};
/* End PBXSourcesBuildPhase section */

/* Begin PBXTargetDependency section */
		77545DB8239D5E0F00466FC1 /* PBXTargetDependency */ = {
			isa = PBXTargetDependency;
			target = 77545D9F239D5E0E00466FC1 /* MyApp */;
			targetProxy = 77545DB7239D5E0F00466FC1 /* PBXContainerItemProxy */;
		};
		77545DC3239D5E0F00466FC1 /* PBXTargetDependency */ = {
			isa = PBXTargetDependency;
			target = 77545D9F239D5E0E00466FC1 /* MyApp */;
			targetProxy = 77545DC2239D5E0F00466FC1 /* PBXContainerItemProxy */;
		};
/* End PBXTargetDependency section */

/* Begin PBXVariantGroup section */
		77D464AB23F6F07E00A600FD /* Main.storyboard */ = {
			isa = PBXVariantGroup;
			children = (
				77D464AC23F6F07E00A600FD /* Base */,
			);
			name = Main.storyboard;
			sourceTree = "<group>";
		};
/* End PBXVariantGroup section */

/* Begin XCBuildConfiguration section */
		77545DC8239D5E1000466FC1 /* Debug */ = {
			isa = XCBuildConfiguration;
			buildSettings = {
				ALWAYS_SEARCH_USER_PATHS = NO;
				CLANG_ANALYZER_NONNULL = YES;
				CLANG_ANALYZER_NUMBER_OBJECT_CONVERSION = YES_AGGRESSIVE;
				CLANG_CXX_LANGUAGE_STANDARD = "gnu++14";
				CLANG_CXX_LIBRARY = "libc++";
				CLANG_ENABLE_MODULES = YES;
				CLANG_ENABLE_OBJC_ARC = YES;
				CLANG_ENABLE_OBJC_WEAK = YES;
				CLANG_WARN_BLOCK_CAPTURE_AUTORELEASING = YES;
				CLANG_WARN_BOOL_CONVERSION = YES;
				CLANG_WARN_COMMA = YES;
				CLANG_WARN_CONSTANT_CONVERSION = YES;
				CLANG_WARN_DEPRECATED_OBJC_IMPLEMENTATIONS = YES;
				CLANG_WARN_DIRECT_OBJC_ISA_USAGE = YES_ERROR;
				CLANG_WARN_DOCUMENTATION_COMMENTS = YES;
				CLANG_WARN_EMPTY_BODY = YES;
				CLANG_WARN_ENUM_CONVERSION = YES;
				CLANG_WARN_INFINITE_RECURSION = YES;
				CLANG_WARN_INT_CONVERSION = YES;
				CLANG_WARN_NON_LITERAL_NULL_CONVERSION = YES;
				CLANG_WARN_OBJC_IMPLICIT_RETAIN_SELF = YES;
				CLANG_WARN_OBJC_LITERAL_CONVERSION = YES;
				CLANG_WARN_OBJC_ROOT_CLASS = YES_ERROR;
				CLANG_WARN_RANGE_LOOP_ANALYSIS = YES;
				CLANG_WARN_STRICT_PROTOTYPES = YES;
				CLANG_WARN_SUSPICIOUS_MOVE = YES;
				CLANG_WARN_UNGUARDED_AVAILABILITY = YES_AGGRESSIVE;
				CLANG_WARN_UNREACHABLE_CODE = YES;
				CLANG_WARN__DUPLICATE_METHOD_MATCH = YES;
				COPY_PHASE_STRIP = NO;
				DEBUG_INFORMATION_FORMAT = dwarf;
				ENABLE_STRICT_OBJC_MSGSEND = YES;
				ENABLE_TESTABILITY = YES;
				GCC_C_LANGUAGE_STANDARD = gnu11;
				GCC_DYNAMIC_NO_PIC = NO;
				GCC_NO_COMMON_BLOCKS = YES;
				GCC_OPTIMIZATION_LEVEL = 0;
				GCC_PREPROCESSOR_DEFINITIONS = (
					"DEBUG=1",
					"$(inherited)",
				);
				GCC_WARN_64_TO_32_BIT_CONVERSION = YES;
				GCC_WARN_ABOUT_RETURN_TYPE = YES_ERROR;
				GCC_WARN_UNDECLARED_SELECTOR = YES;
				GCC_WARN_UNINITIALIZED_AUTOS = YES_AGGRESSIVE;
				GCC_WARN_UNUSED_FUNCTION = YES;
				GCC_WARN_UNUSED_VARIABLE = YES;
				IPHONEOS_DEPLOYMENT_TARGET = 13.2;
				MTL_ENABLE_DEBUG_INFO = INCLUDE_SOURCE;
				MTL_FAST_MATH = YES;
				ONLY_ACTIVE_ARCH = YES;
				SDKROOT = iphoneos;
				SWIFT_ACTIVE_COMPILATION_CONDITIONS = DEBUG;
				SWIFT_OPTIMIZATION_LEVEL = "-Onone";
			};
			name = Debug;
		};
		77545DC9239D5E1000466FC1 /* Release */ = {
			isa = XCBuildConfiguration;
			buildSettings = {
				ALWAYS_SEARCH_USER_PATHS = NO;
				CLANG_ANALYZER_NONNULL = YES;
				CLANG_ANALYZER_NUMBER_OBJECT_CONVERSION = YES_AGGRESSIVE;
				CLANG_CXX_LANGUAGE_STANDARD = "gnu++14";
				CLANG_CXX_LIBRARY = "libc++";
				CLANG_ENABLE_MODULES = YES;
				CLANG_ENABLE_OBJC_ARC = YES;
				CLANG_ENABLE_OBJC_WEAK = YES;
				CLANG_WARN_BLOCK_CAPTURE_AUTORELEASING = YES;
				CLANG_WARN_BOOL_CONVERSION = YES;
				CLANG_WARN_COMMA = YES;
				CLANG_WARN_CONSTANT_CONVERSION = YES;
				CLANG_WARN_DEPRECATED_OBJC_IMPLEMENTATIONS = YES;
				CLANG_WARN_DIRECT_OBJC_ISA_USAGE = YES_ERROR;
				CLANG_WARN_DOCUMENTATION_COMMENTS = YES;
				CLANG_WARN_EMPTY_BODY = YES;
				CLANG_WARN_ENUM_CONVERSION = YES;
				CLANG_WARN_INFINITE_RECURSION = YES;
				CLANG_WARN_INT_CONVERSION = YES;
				CLANG_WARN_NON_LITERAL_NULL_CONVERSION = YES;
				CLANG_WARN_OBJC_IMPLICIT_RETAIN_SELF = YES;
				CLANG_WARN_OBJC_LITERAL_CONVERSION = YES;
				CLANG_WARN_OBJC_ROOT_CLASS = YES_ERROR;
				CLANG_WARN_RANGE_LOOP_ANALYSIS = YES;
				CLANG_WARN_STRICT_PROTOTYPES = YES;
				CLANG_WARN_SUSPICIOUS_MOVE = YES;
				CLANG_WARN_UNGUARDED_AVAILABILITY = YES_AGGRESSIVE;
				CLANG_WARN_UNREACHABLE_CODE = YES;
				CLANG_WARN__DUPLICATE_METHOD_MATCH = YES;
				COPY_PHASE_STRIP = NO;
				DEBUG_INFORMATION_FORMAT = "dwarf-with-dsym";
				ENABLE_NS_ASSERTIONS = NO;
				ENABLE_STRICT_OBJC_MSGSEND = YES;
				GCC_C_LANGUAGE_STANDARD = gnu11;
				GCC_NO_COMMON_BLOCKS = YES;
				GCC_WARN_64_TO_32_BIT_CONVERSION = YES;
				GCC_WARN_ABOUT_RETURN_TYPE = YES_ERROR;
				GCC_WARN_UNDECLARED_SELECTOR = YES;
				GCC_WARN_UNINITIALIZED_AUTOS = YES_AGGRESSIVE;
				GCC_WARN_UNUSED_FUNCTION = YES;
				GCC_WARN_UNUSED_VARIABLE = YES;
				IPHONEOS_DEPLOYMENT_TARGET = 13.2;
				MTL_ENABLE_DEBUG_INFO = NO;
				MTL_FAST_MATH = YES;
				SDKROOT = iphoneos;
				SWIFT_COMPILATION_MODE = wholemodule;
				SWIFT_OPTIMIZATION_LEVEL = "-O";
				VALIDATE_PRODUCT = YES;
			};
			name = Release;
		};
		77545DCB239D5E1000466FC1 /* Debug */ = {
			isa = XCBuildConfiguration;
			buildSettings = {
				ASSETCATALOG_COMPILER_APPICON_NAME = AppIcon;
				CODE_SIGN_STYLE = Automatic;
				DEVELOPMENT_TEAM = LTF4N6E95G;
				INFOPLIST_FILE = MyApp/Info.plist;
				IPHONEOS_DEPLOYMENT_TARGET = 12.0;
				LD_RUNPATH_SEARCH_PATHS = (
					"$(inherited)",
					"@executable_path/Frameworks",
				);
				PRODUCT_BUNDLE_IDENTIFIER = evilbunny.NHHH1.5;
				PRODUCT_NAME = NHHH1.5;
				SWIFT_VERSION = 5.0;
				TARGETED_DEVICE_FAMILY = "1,2";
			};
			name = Debug;
		};
		77545DCC239D5E1000466FC1 /* Release */ = {
			isa = XCBuildConfiguration;
			buildSettings = {
				ASSETCATALOG_COMPILER_APPICON_NAME = AppIcon;
				CODE_SIGN_STYLE = Automatic;
				DEVELOPMENT_TEAM = LTF4N6E95G;
				INFOPLIST_FILE = MyApp/Info.plist;
				IPHONEOS_DEPLOYMENT_TARGET = 12.0;
				LD_RUNPATH_SEARCH_PATHS = (
					"$(inherited)",
					"@executable_path/Frameworks",
				);
				PRODUCT_BUNDLE_IDENTIFIER = evilbunny.NHHH1.5;
				PRODUCT_NAME = NHHH1.5;
				SWIFT_VERSION = 5.0;
				TARGETED_DEVICE_FAMILY = "1,2";
			};
			name = Release;
		};
		77545DCE239D5E1000466FC1 /* Debug */ = {
			isa = XCBuildConfiguration;
			buildSettings = {
				ALWAYS_EMBED_SWIFT_STANDARD_LIBRARIES = YES;
				BUNDLE_LOADER = "$(TEST_HOST)";
				CODE_SIGN_STYLE = Automatic;
				INFOPLIST_FILE = TuAnhAppTests/Info.plist;
				IPHONEOS_DEPLOYMENT_TARGET = 13.2;
				LD_RUNPATH_SEARCH_PATHS = (
					"$(inherited)",
					"@executable_path/Frameworks",
					"@loader_path/Frameworks",
				);
				PRODUCT_BUNDLE_IDENTIFIER = evilbunny.TuAnhAppTests;
				PRODUCT_NAME = "$(TARGET_NAME)";
				SWIFT_VERSION = 5.0;
				TARGETED_DEVICE_FAMILY = "1,2";
				TEST_HOST = "$(BUILT_PRODUCTS_DIR)/TuAnhApp.app/TuAnhApp";
			};
			name = Debug;
		};
		77545DCF239D5E1000466FC1 /* Release */ = {
			isa = XCBuildConfiguration;
			buildSettings = {
				ALWAYS_EMBED_SWIFT_STANDARD_LIBRARIES = YES;
				BUNDLE_LOADER = "$(TEST_HOST)";
				CODE_SIGN_STYLE = Automatic;
				INFOPLIST_FILE = TuAnhAppTests/Info.plist;
				IPHONEOS_DEPLOYMENT_TARGET = 13.2;
				LD_RUNPATH_SEARCH_PATHS = (
					"$(inherited)",
					"@executable_path/Frameworks",
					"@loader_path/Frameworks",
				);
				PRODUCT_BUNDLE_IDENTIFIER = evilbunny.TuAnhAppTests;
				PRODUCT_NAME = "$(TARGET_NAME)";
				SWIFT_VERSION = 5.0;
				TARGETED_DEVICE_FAMILY = "1,2";
				TEST_HOST = "$(BUILT_PRODUCTS_DIR)/TuAnhApp.app/TuAnhApp";
			};
			name = Release;
		};
		77545DD1239D5E1000466FC1 /* Debug */ = {
			isa = XCBuildConfiguration;
			buildSettings = {
				ALWAYS_EMBED_SWIFT_STANDARD_LIBRARIES = YES;
				CODE_SIGN_STYLE = Automatic;
				INFOPLIST_FILE = TuAnhAppUITests/Info.plist;
				LD_RUNPATH_SEARCH_PATHS = (
					"$(inherited)",
					"@executable_path/Frameworks",
					"@loader_path/Frameworks",
				);
				PRODUCT_BUNDLE_IDENTIFIER = evilbunny.TuAnhAppUITests;
				PRODUCT_NAME = "$(TARGET_NAME)";
				SWIFT_VERSION = 5.0;
				TARGETED_DEVICE_FAMILY = "1,2";
				TEST_TARGET_NAME = TuAnhApp;
			};
			name = Debug;
		};
		77545DD2239D5E1000466FC1 /* Release */ = {
			isa = XCBuildConfiguration;
			buildSettings = {
				ALWAYS_EMBED_SWIFT_STANDARD_LIBRARIES = YES;
				CODE_SIGN_STYLE = Automatic;
				INFOPLIST_FILE = TuAnhAppUITests/Info.plist;
				LD_RUNPATH_SEARCH_PATHS = (
					"$(inherited)",
					"@executable_path/Frameworks",
					"@loader_path/Frameworks",
				);
				PRODUCT_BUNDLE_IDENTIFIER = evilbunny.TuAnhAppUITests;
				PRODUCT_NAME = "$(TARGET_NAME)";
				SWIFT_VERSION = 5.0;
				TARGETED_DEVICE_FAMILY = "1,2";
				TEST_TARGET_NAME = TuAnhApp;
			};
			name = Release;
		};
/* End XCBuildConfiguration section */

/* Begin XCConfigurationList section */
		77545D9B239D5E0E00466FC1 /* Build configuration list for PBXProject "MyApp" */ = {
			isa = XCConfigurationList;
			buildConfigurations = (
				77545DC8239D5E1000466FC1 /* Debug */,
				77545DC9239D5E1000466FC1 /* Release */,
			);
			defaultConfigurationIsVisible = 0;
			defaultConfigurationName = Release;
		};
		77545DCA239D5E1000466FC1 /* Build configuration list for PBXNativeTarget "MyApp" */ = {
			isa = XCConfigurationList;
			buildConfigurations = (
				77545DCB239D5E1000466FC1 /* Debug */,
				77545DCC239D5E1000466FC1 /* Release */,
			);
			defaultConfigurationIsVisible = 0;
			defaultConfigurationName = Release;
		};
		77545DCD239D5E1000466FC1 /* Build configuration list for PBXNativeTarget "MyAppTests" */ = {
			isa = XCConfigurationList;
			buildConfigurations = (
				77545DCE239D5E1000466FC1 /* Debug */,
				77545DCF239D5E1000466FC1 /* Release */,
			);
			defaultConfigurationIsVisible = 0;
			defaultConfigurationName = Release;
		};
		77545DD0239D5E1000466FC1 /* Build configuration list for PBXNativeTarget "MyAppUITests" */ = {
			isa = XCConfigurationList;
			buildConfigurations = (
				77545DD1239D5E1000466FC1 /* Debug */,
				77545DD2239D5E1000466FC1 /* Release */,
			);
			defaultConfigurationIsVisible = 0;
			defaultConfigurationName = Release;
		};
/* End XCConfigurationList section */
	};
	rootObject = 77545D98239D5E0E00466FC1 /* Project object */;
}
